{
  "requires": true,
  "lockfileVersion": 1,
  "dependencies": {
    "fast-xml-parser": {
      "version": "3.19.0",
      "resolved": "https://registry.npmjs.org/fast-xml-parser/-/fast-xml-parser-3.19.0.tgz",
      "integrity": "sha512-4pXwmBplsCPv8FOY1WRakF970TjNGnGnfbOnLqjlYvMiF1SR3yOHyxMR/YCXpPTOspNF5gwudqktIP4VsWkvBg=="
    },
    "html-comment-regex": {
      "version": "1.1.2",
      "resolved": "https://registry.npmjs.org/html-comment-regex/-/html-comment-regex-1.1.2.tgz",
      "integrity": "sha512-P+M65QY2JQ5Y0G9KKdlDpo0zK+/OHptU5AaBwUfAIDJZk1MYf32Frm84EcOytfJE0t5JvkAnKlmjsXDnWzCJmQ=="
    },
    "is-svg": {
      "version": "4.2.2",
      "resolved": "https://registry.npmjs.org/is-svg/-/is-svg-4.2.2.tgz",
      "integrity": "sha512-JlA7Mc7mfWjdxxTkJ094oUK9amGD7gQaj5xA/NCY0vlVvZ1stmj4VX+bRuwOMN93IHRZ2ctpPH/0FO6DqvQ5Rw==",
      "requires": {
        "html-comment-regex": "^1.1.2"
      }
    }
  }
}
